lockfileVersion: '9.0'

settings:
  autoInstallPeers: true
  excludeLinksFromLockfile: false

importers:

  .:
    dependencies:
      '@fontsource/jetbrains-mono':
        specifier: ^5.2.6
        version: 5.2.8
      '@fontsource/noto-sans-sc':
        specifier: ^5.2.6
        version: 5.2.9
      '@resvg/resvg-js':
        specifier: ^2.6.2
        version: 2.6.2
      react:
        specifier: ^19.2.0
        version: 19.2.5
      satori:
        specifier: ^0.18.3
        version: 0.18.4
    devDependencies:
      '@types/node':
        specifier: ^24.6.0
        version: 24.12.2
      '@types/react':
        specifier: ^19.2.2
        version: 19.2.14
      tsx:
        specifier: ^4.20.6
        version: 4.21.0
      typescript:
        specifier: ^5.9.3
        version: 5.9.3

packages:

  '@esbuild/aix-ppc64@0.27.7':
    resolution: {integrity: sha512-EKX3Qwmhz1eMdEJokhALr0YiD0lhQNwDqkPYyPhiSwKrh7/4KRjQc04sZ8db+5DVVnZ1LmbNDI1uAMPEUBnQPg==}
    engines: {node: '>=18'}
    cpu: [ppc64]
    os: [aix]

  '@esbuild/android-arm64@0.27.7':
    resolution: {integrity: sha512-62dPZHpIXzvChfvfLJow3q5dDtiNMkwiRzPylSCfriLvZeq0a1bWChrGx/BbUbPwOrsWKMn8idSllklzBy+dgQ==}
    engines: {node: '>=18'}
    cpu: [arm64]
    os: [android]

  '@esbuild/android-arm@0.27.7':
    resolution: {integrity: sha512-jbPXvB4Yj2yBV7HUfE2KHe4GJX51QplCN1pGbYjvsyCZbQmies29EoJbkEc+vYuU5o45AfQn37vZlyXy4YJ8RQ==}
    engines: {node: '>=18'}
    cpu: [arm]
    os: [android]

  '@esbuild/android-x64@0.27.7':
    resolution: {integrity: sha512-x5VpMODneVDb70PYV2VQOmIUUiBtY3D3mPBG8NxVk5CogneYhkR7MmM3yR/uMdITLrC1ml/NV1rj4bMJuy9MCg==}
    engines: {node: '>=18'}
    cpu: [x64]
    os: [android]

  '@esbuild/darwin-arm64@0.27.7':
    resolution: {integrity: sha512-5lckdqeuBPlKUwvoCXIgI2D9/ABmPq3Rdp7IfL70393YgaASt7tbju3Ac+ePVi3KDH6N2RqePfHnXkaDtY9fkw==}
    engines: {node: '>=18'}
    cpu: [arm64]
    os: [darwin]

  '@esbuild/darwin-x64@0.27.7':
    resolution: {integrity: sha512-rYnXrKcXuT7Z+WL5K980jVFdvVKhCHhUwid+dDYQpH+qu+TefcomiMAJpIiC2EM3Rjtq0sO3StMV/+3w3MyyqQ==}
    engines: {node: '>=18'}
    cpu: [x64]
    os: [darwin]

  '@esbuild/freebsd-arm64@0.27.7':
    resolution: {integrity: sha512-B48PqeCsEgOtzME2GbNM2roU29AMTuOIN91dsMO30t+Ydis3z/3Ngoj5hhnsOSSwNzS+6JppqWsuhTp6E82l2w==}
    engines: {node: '>=18'}
    cpu: [arm64]
    os: [freebsd]

  '@esbuild/freebsd-x64@0.27.7':
    resolution: {integrity: sha512-jOBDK5XEjA4m5IJK3bpAQF9/Lelu/Z9ZcdhTRLf4cajlB+8VEhFFRjWgfy3M1O4rO2GQ/b2dLwCUGpiF/eATNQ==}
    engines: {node: '>=18'}
    cpu: [x64]
    os: [freebsd]

  '@esbuild/linux-arm64@0.27.7':
    resolution: {integrity: sha512-RZPHBoxXuNnPQO9rvjh5jdkRmVizktkT7TCDkDmQ0W2SwHInKCAV95GRuvdSvA7w4VMwfCjUiPwDi0ZO6Nfe9A==}
    engines: {node: '>=18'}
    cpu: [arm64]
    os: [linux]

  '@esbuild/linux-arm@0.27.7':
    resolution: {integrity: sha512-RkT/YXYBTSULo3+af8Ib0ykH8u2MBh57o7q/DAs3lTJlyVQkgQvlrPTnjIzzRPQyavxtPtfg0EopvDyIt0j1rA==}
    engines: {node: '>=18'}
    cpu: [arm]
    os: [linux]

  '@esbuild/linux-ia32@0.27.7':
    resolution: {integrity: sha512-GA48aKNkyQDbd3KtkplYWT102C5sn/EZTY4XROkxONgruHPU72l+gW+FfF8tf2cFjeHaRbWpOYa/uRBz/Xq1Pg==}
    engines: {node: '>=18'}
    cpu: [ia32]
    os: [linux]

  '@esbuild/linux-loong64@0.27.7':
    resolution: {integrity: sha512-a4POruNM2oWsD4WKvBSEKGIiWQF8fZOAsycHOt6JBpZ+JN2n2JH9WAv56SOyu9X5IqAjqSIPTaJkqN8F7XOQ5Q==}
    engines: {node: '>=18'}
    cpu: [loong64]
    os: [linux]

  '@esbuild/linux-mips64el@0.27.7':
    resolution: {integrity: sha512-KabT5I6StirGfIz0FMgl1I+R1H73Gp0ofL9A3nG3i/cYFJzKHhouBV5VWK1CSgKvVaG4q1RNpCTR2LuTVB3fIw==}
    engines: {node: '>=18'}
    cpu: [mips64el]
    os: [linux]

  '@esbuild/linux-ppc64@0.27.7':
    resolution: {integrity: sha512-gRsL4x6wsGHGRqhtI+ifpN/vpOFTQtnbsupUF5R5YTAg+y/lKelYR1hXbnBdzDjGbMYjVJLJTd2OFmMewAgwlQ==}
    engines: {node: '>=18'}
    cpu: [ppc64]
    os: [linux]

  '@esbuild/linux-riscv64@0.27.7':
    resolution: {integrity: sha512-hL25LbxO1QOngGzu2U5xeXtxXcW+/GvMN3ejANqXkxZ/opySAZMrc+9LY/WyjAan41unrR3YrmtTsUpwT66InQ==}
    engines: {node: '>=18'}
    cpu: [riscv64]
    os: [linux]

  '@esbuild/linux-s390x@0.27.7':
    resolution: {integrity: sha512-2k8go8Ycu1Kb46vEelhu1vqEP+UeRVj2zY1pSuPdgvbd5ykAw82Lrro28vXUrRmzEsUV0NzCf54yARIK8r0fdw==}
    engines: {node: '>=18'}
    cpu: [s390x]
    os: [linux]

  '@esbuild/linux-x64@0.27.7':
    resolution: {integrity: sha512-hzznmADPt+OmsYzw1EE33ccA+HPdIqiCRq7cQeL1Jlq2gb1+OyWBkMCrYGBJ+sxVzve2ZJEVeePbLM2iEIZSxA==}
    engines: {node: '>=18'}
    cpu: [x64]
    os: [linux]

  '@esbuild/netbsd-arm64@0.27.7':
    resolution: {integrity: sha512-b6pqtrQdigZBwZxAn1UpazEisvwaIDvdbMbmrly7cDTMFnw/+3lVxxCTGOrkPVnsYIosJJXAsILG9XcQS+Yu6w==}
    engines: {node: '>=18'}
    cpu: [arm64]
    os: [netbsd]

  '@esbuild/netbsd-x64@0.27.7':
    resolution: {integrity: sha512-OfatkLojr6U+WN5EDYuoQhtM+1xco+/6FSzJJnuWiUw5eVcicbyK3dq5EeV/QHT1uy6GoDhGbFpprUiHUYggrw==}
    engines: {node: '>=18'}
    cpu: [x64]
    os: [netbsd]

  '@esbuild/openbsd-arm64@0.27.7':
    resolution: {integrity: sha512-AFuojMQTxAz75Fo8idVcqoQWEHIXFRbOc1TrVcFSgCZtQfSdc1RXgB3tjOn/krRHENUB4j00bfGjyl2mJrU37A==}
    engines: {node: '>=18'}
    cpu: [arm64]
    os: [openbsd]

  '@esbuild/openbsd-x64@0.27.7':
    resolution: {integrity: sha512-+A1NJmfM8WNDv5CLVQYJ5PshuRm/4cI6WMZRg1by1GwPIQPCTs1GLEUHwiiQGT5zDdyLiRM/l1G0Pv54gvtKIg==}
    engines: {node: '>=18'}
    cpu: [x64]
    os: [openbsd]

  '@esbuild/openharmony-arm64@0.27.7':
    resolution: {integrity: sha512-+KrvYb/C8zA9CU/g0sR6w2RBw7IGc5J2BPnc3dYc5VJxHCSF1yNMxTV5LQ7GuKteQXZtspjFbiuW5/dOj7H4Yw==}
    engines: {node: '>=18'}
    cpu: [arm64]
    os: [openharmony]

  '@esbuild/sunos-x64@0.27.7':
    resolution: {integrity: sha512-ikktIhFBzQNt/QDyOL580ti9+5mL/YZeUPKU2ivGtGjdTYoqz6jObj6nOMfhASpS4GU4Q/Clh1QtxWAvcYKamA==}
    engines: {node: '>=18'}
    cpu: [x64]
    os: [sunos]

  '@esbuild/win32-arm64@0.27.7':
    resolution: {integrity: sha512-7yRhbHvPqSpRUV7Q20VuDwbjW5kIMwTHpptuUzV+AA46kiPze5Z7qgt6CLCK3pWFrHeNfDd1VKgyP4O+ng17CA==}
    engines: {node: '>=18'}
    cpu: [arm64]
    os: [win32]

  '@esbuild/win32-ia32@0.27.7':
    resolution: {integrity: sha512-SmwKXe6VHIyZYbBLJrhOoCJRB/Z1tckzmgTLfFYOfpMAx63BJEaL9ExI8x7v0oAO3Zh6D/Oi1gVxEYr5oUCFhw==}
    engines: {node: '>=18'}
    cpu: [ia32]
    os: [win32]

  '@esbuild/win32-x64@0.27.7':
    resolution: {integrity: sha512-56hiAJPhwQ1R4i+21FVF7V8kSD5zZTdHcVuRFMW0hn753vVfQN8xlx4uOPT4xoGH0Z/oVATuR82AiqSTDIpaHg==}
    engines: {node: '>=18'}
    cpu: [x64]
    os: [win32]

  '@fontsource/jetbrains-mono@5.2.8':
    resolution: {integrity: sha512-6w8/SG4kqvIMu7xd7wt6x3idn1Qux3p9N62s6G3rfldOUYHpWcc2FKrqf+Vo44jRvqWj2oAtTHrZXEP23oSKwQ==}

  '@fontsource/noto-sans-sc@5.2.9':
    resolution: {integrity: sha512-bTUIWGBgJDpwi5qAr+x0/lcgv80IHTB9vl6s2f6EymZEa7qYV99yNRBZuKFT+SYDKVunZrjCEhWtpxqmbXWl5Q==}

  '@resvg/resvg-js-android-arm-eabi@2.6.2':
    resolution: {integrity: sha512-FrJibrAk6v29eabIPgcTUMPXiEz8ssrAk7TXxsiZzww9UTQ1Z5KAbFJs+Z0Ez+VZTYgnE5IQJqBcoSiMebtPHA==}
    engines: {node: '>= 10'}
    cpu: [arm]
    os: [android]

  '@resvg/resvg-js-android-arm64@2.6.2':
    resolution: {integrity: sha512-VcOKezEhm2VqzXpcIJoITuvUS/fcjIw5NA/w3tjzWyzmvoCdd+QXIqy3FBGulWdClvp4g+IfUemigrkLThSjAQ==}
    engines: {node: '>= 10'}
    cpu: [arm64]
    os: [android]

  '@resvg/resvg-js-darwin-arm64@2.6.2':
    resolution: {integrity: sha512-nmok2LnAd6nLUKI16aEB9ydMC6Lidiiq2m1nEBDR1LaaP7FGs4AJ90qDraxX+CWlVuRlvNjyYJTNv8qFjtL9+A==}
    engines: {node: '>= 10'}
    cpu: [arm64]
    os: [darwin]

  '@resvg/resvg-js-darwin-x64@2.6.2':
    resolution: {integrity: sha512-GInyZLjgWDfsVT6+SHxQVRwNzV0AuA1uqGsOAW+0th56J7Nh6bHHKXHBWzUrihxMetcFDmQMAX1tZ1fZDYSRsw==}
    engines: {node: '>= 10'}
    cpu: [x64]
    os: [darwin]

  '@resvg/resvg-js-linux-arm-gnueabihf@2.6.2':
    resolution: {integrity: sha512-YIV3u/R9zJbpqTTNwTZM5/ocWetDKGsro0SWp70eGEM9eV2MerWyBRZnQIgzU3YBnSBQ1RcxRZvY/UxwESfZIw==}
    engines: {node: '>= 10'}
    cpu: [arm]
    os: [linux]

  '@resvg/resvg-js-linux-arm64-gnu@2.6.2':
    resolution: {integrity: sha512-zc2BlJSim7YR4FZDQ8OUoJg5holYzdiYMeobb9pJuGDidGL9KZUv7SbiD4E8oZogtYY42UZEap7dqkkYuA91pg==}
    engines: {node: '>= 10'}
    cpu: [arm64]
    os: [linux]
    libc: [glibc]

  '@resvg/resvg-js-linux-arm64-musl@2.6.2':
    resolution: {integrity: sha512-3h3dLPWNgSsD4lQBJPb4f+kvdOSJHa5PjTYVsWHxLUzH4IFTJUAnmuWpw4KqyQ3NA5QCyhw4TWgxk3jRkQxEKg==}
    engines: {node: '>= 10'}
    cpu: [arm64]
    os: [linux]
    libc: [musl]

  '@resvg/resvg-js-linux-x64-gnu@2.6.2':
    resolution: {integrity: sha512-IVUe+ckIerA7xMZ50duAZzwf1U7khQe2E0QpUxu5MBJNao5RqC0zwV/Zm965vw6D3gGFUl7j4m+oJjubBVoftw==}
    engines: {node: '>= 10'}
    cpu: [x64]
    os: [linux]
    libc: [glibc]

  '@resvg/resvg-js-linux-x64-musl@2.6.2':
    resolution: {integrity: sha512-UOf83vqTzoYQO9SZ0fPl2ZIFtNIz/Rr/y+7X8XRX1ZnBYsQ/tTb+cj9TE+KHOdmlTFBxhYzVkP2lRByCzqi4jQ==}
    engines: {node: '>= 10'}
    cpu: [x64]
    os: [linux]
    libc: [musl]

  '@resvg/resvg-js-win32-arm64-msvc@2.6.2':
    resolution: {integrity: sha512-7C/RSgCa+7vqZ7qAbItfiaAWhyRSoD4l4BQAbVDqRRsRgY+S+hgS3in0Rxr7IorKUpGE69X48q6/nOAuTJQxeQ==}
    engines: {node: '>= 10'}
    cpu: [arm64]
    os: [win32]

  '@resvg/resvg-js-win32-ia32-msvc@2.6.2':
    resolution: {integrity: sha512-har4aPAlvjnLcil40AC77YDIk6loMawuJwFINEM7n0pZviwMkMvjb2W5ZirsNOZY4aDbo5tLx0wNMREp5Brk+w==}
    engines: {node: '>= 10'}
    cpu: [ia32]
    os: [win32]

  '@resvg/resvg-js-win32-x64-msvc@2.6.2':
    resolution: {integrity: sha512-ZXtYhtUr5SSaBrUDq7DiyjOFJqBVL/dOBN7N/qmi/pO0IgiWW/f/ue3nbvu9joWE5aAKDoIzy/CxsY0suwGosQ==}
    engines: {node: '>= 10'}
    cpu: [x64]
    os: [win32]

  '@resvg/resvg-js@2.6.2':
    resolution: {integrity: sha512-xBaJish5OeGmniDj9cW5PRa/PtmuVU3ziqrbr5xJj901ZDN4TosrVaNZpEiLZAxdfnhAe7uQ7QFWfjPe9d9K2Q==}
    engines: {node: '>= 10'}

  '@shuding/opentype.js@1.4.0-beta.0':
    resolution: {integrity: sha512-3NgmNyH3l/Hv6EvsWJbsvpcpUba6R8IREQ83nH83cyakCw7uM1arZKNfHwv1Wz6jgqrF/j4x5ELvR6PnK9nTcA==}
    engines: {node: '>= 8.0.0'}
    hasBin: true

  '@types/node@24.12.2':
    resolution: {integrity: sha512-A1sre26ke7HDIuY/M23nd9gfB+nrmhtYyMINbjI1zHJxYteKR6qSMX56FsmjMcDb3SMcjJg5BiRRgOCC/yBD0g==}

  '@types/react@19.2.14':
    resolution: {integrity: sha512-ilcTH/UniCkMdtexkoCN0bI7pMcJDvmQFPvuPvmEaYA/NSfFTAgdUSLAoVjaRJm7+6PvcM+q1zYOwS4wTYMF9w==}

  base64-js@0.0.8:
    resolution: {integrity: sha512-3XSA2cR/h/73EzlXXdU6YNycmYI7+kicTxks4eJg2g39biHR84slg2+des+p7iHYhbRg/udIS4TD53WabcOUkw==}
    engines: {node: '>= 0.4'}

  camelize@1.0.1:
    resolution: {integrity: sha512-dU+Tx2fsypxTgtLoE36npi3UqcjSSMNYfkqgmoEhtZrraP5VWq0K7FkWVTYa8eMPtnU/G2txVsfdCJTn9uzpuQ==}

  color-name@1.1.4:
    resolution: {integrity: sha512-dOy+3AuW3a2wNbZHIuMZpTcgjGuLU/uBL/ubcZF9OXbDo8ff4O8yVp5Bf0efS8uEoYo5q4Fx7dY9OgQGXgAsQA==}

  css-background-parser@0.1.0:
    resolution: {integrity: sha512-2EZLisiZQ+7m4wwur/qiYJRniHX4K5Tc9w93MT3AS0WS1u5kaZ4FKXlOTBhOjc+CgEgPiGY+fX1yWD8UwpEqUA==}

  css-box-shadow@1.0.0-3:
    resolution: {integrity: sha512-9jaqR6e7Ohds+aWwmhe6wILJ99xYQbfmK9QQB9CcMjDbTxPZjwEmUQpU91OG05Xgm8BahT5fW+svbsQGjS/zPg==}

  css-color-keywords@1.0.0:
    resolution: {integrity: sha512-FyyrDHZKEjXDpNJYvVsV960FiqQyXc/LlYmsxl2BcdMb2WPx0OGRVgTg55rPSyLSNMqP52R9r8geSp7apN3Ofg==}
    engines: {node: '>=4'}

  css-gradient-parser@0.0.17:
    resolution: {integrity: sha512-w2Xy9UMMwlKtou0vlRnXvWglPAceXCTtcmVSo8ZBUvqCV5aXEFP/PC6d+I464810I9FT++UACwTD5511bmGPUg==}
    engines: {node: '>=16'}

  css-to-react-native@3.2.0:
    resolution: {integrity: sha512-e8RKaLXMOFii+02mOlqwjbD00KSEKqblnpO9e++1aXS1fPQOpS1YoqdVHBqPjHNoxeF2mimzVqawm2KCbEdtHQ==}

  csstype@3.2.3:
    resolution: {integrity: sha512-z1HGKcYy2xA8AGQfwrn0PAy+PB7X/GSj3UVJW9qKyn43xWa+gl5nXmU4qqLMRzWVLFC8KusUX8T/0kCiOYpAIQ==}

  emoji-regex-xs@2.0.1:
    resolution: {integrity: sha512-1QFuh8l7LqUcKe24LsPUNzjrzJQ7pgRwp1QMcZ5MX6mFplk2zQ08NVCM84++1cveaUUYtcCYHmeFEuNg16sU4g==}
    engines: {node: '>=10.0.0'}

  esbuild@0.27.7:
    resolution: {integrity: sha512-IxpibTjyVnmrIQo5aqNpCgoACA/dTKLTlhMHihVHhdkxKyPO1uBBthumT0rdHmcsk9uMonIWS0m4FljWzILh3w==}
    engines: {node: '>=18'}
    hasBin: true

  escape-html@1.0.3:
    resolution: {integrity: sha512-NiSupZ4OeuGwr68lGIeym/ksIZMJodUGOSCZ/FSnTxcrekbvqrgdUxlJOMpijaKZVjAJrWrGs/6Jy8OMuyj9ow==}

  fflate@0.7.4:
    resolution: {integrity: sha512-5u2V/CDW15QM1XbbgS+0DfPxVB+jUKhWEKuuFuHncbk3tEEqzmoXL+2KyOFuKGqOnmdIy0/davWF1CkuwtibCw==}

  fsevents@2.3.3:
    resolution: {integrity: sha512-5xoDfX+fL7faATnagmWPpbFtwh/R77WmMMqqHGS65C3vvB0YHrgF+B1YmZ3441tMj5n63k0212XNoJwzlhffQw==}
    engines: {node: ^8.16.0 || ^10.6.0 || >=11.0.0}
    os: [darwin]

  get-tsconfig@4.14.0:
    resolution: {integrity: sha512-yTb+8DXzDREzgvYmh6s9vHsSVCHeC0G3PI5bEXNBHtmshPnO+S5O7qgLEOn0I5QvMy6kpZN8K1NKGyilLb93wA==}

  hex-rgb@4.3.0:
    resolution: {integrity: sha512-Ox1pJVrDCyGHMG9CFg1tmrRUMRPRsAWYc/PinY0XzJU4K7y7vjNoLKIQ7BR5UJMCxNN8EM1MNDmHWA/B3aZUuw==}
    engines: {node: '>=6'}

  linebreak@1.1.0:
    resolution: {integrity: sha512-MHp03UImeVhB7XZtjd0E4n6+3xr5Dq/9xI/5FptGk5FrbDR3zagPa2DS6U8ks/3HjbKWG9Q1M2ufOzxV2qLYSQ==}

  pako@0.2.9:
    resolution: {integrity: sha512-NUcwaKxUxWrZLpDG+z/xZaCgQITkA/Dv4V/T6bw7VON6l1Xz/VnrBqrYjZQ12TamKHzITTfOEIYUj48y2KXImA==}

  parse-css-color@0.2.1:
    resolution: {integrity: sha512-bwS/GGIFV3b6KS4uwpzCFj4w297Yl3uqnSgIPsoQkx7GMLROXfMnWvxfNkL0oh8HVhZA4hvJoEoEIqonfJ3BWg==}

  postcss-value-parser@4.2.0:
    resolution: {integrity: sha512-1NNCs6uurfkVbeXG4S8JFT9t19m45ICnif8zWLd5oPSZ50QnwMfK+H3jv408d4jw/7Bttv5axS5IiHoLaVNHeQ==}

  react@19.2.5:
    resolution: {integrity: sha512-llUJLzz1zTUBrskt2pwZgLq59AemifIftw4aB7JxOqf1HY2FDaGDxgwpAPVzHU1kdWabH7FauP4i1oEeer2WCA==}
    engines: {node: '>=0.10.0'}

  resolve-pkg-maps@1.0.0:
    resolution: {integrity: sha512-seS2Tj26TBVOC2NIc2rOe2y2ZO7efxITtLZcGSOnHHNOQ7CkiUBfw0Iw2ck6xkIhPwLhKNLS8BO+hEpngQlqzw==}

  satori@0.18.4:
    resolution: {integrity: sha512-HanEzgXHlX3fzpGgxPoR3qI7FDpc/B+uE/KplzA6BkZGlWMaH98B/1Amq+OBF1pYPlGNzAXPYNHlrEVBvRBnHQ==}
    engines: {node: '>=16'}

  string.prototype.codepointat@0.2.1:
    resolution: {integrity: sha512-2cBVCj6I4IOvEnjgO/hWqXjqBGsY+zwPmHl12Srk9IXSZ56Jwwmy+66XO5Iut/oQVR7t5ihYdLB0GMa4alEUcg==}

  tiny-inflate@1.0.3:
    resolution: {integrity: sha512-pkY1fj1cKHb2seWDy0B16HeWyczlJA9/WW3u3c4z/NiWDsO3DOU5D7nhTLE9CF0yXv/QZFY7sEJmj24dK+Rrqw==}

  tsx@4.21.0:
    resolution: {integrity: sha512-5C1sg4USs1lfG0GFb2RLXsdpXqBSEhAaA/0kPL01wxzpMqLILNxIxIOKiILz+cdg/pLnOUxFYOR5yhHU666wbw==}
    engines: {node: '>=18.0.0'}
    hasBin: true

  typescript@5.9.3:
    resolution: {integrity: sha512-jl1vZzPDinLr9eUt3J/t7V6FgNEw9QjvBPdysz9KfQDD41fQrC2Y4vKQdiaUpFT4bXlb1RHhLpp8wtm6M5TgSw==}
    engines: {node: '>=14.17'}
    hasBin: true

  undici-types@7.16.0:
    resolution: {integrity: sha512-Zz+aZWSj8LE6zoxD+xrjh4VfkIG8Ya6LvYkZqtUQGJPZjYl53ypCaUwWqo7eI0x66KBGeRo+mlBEkMSeSZ38Nw==}

  unicode-trie@2.0.0:
    resolution: {integrity: sha512-x7bc76x0bm4prf1VLg79uhAzKw8DVboClSN5VxJuQ+LKDOVEW9CdH+VY7SP+vX7xCYQqzzgQpFqz15zeLvAtZQ==}

  yoga-layout@3.2.1:
    resolution: {integrity: sha512-0LPOt3AxKqMdFBZA3HBAt/t/8vIKq7VaQYbuA8WxCgung+p9TVyKRYdpvCb80HcdTN2NkbIKbhNwKUfm3tQywQ==}

snapshots:

  '@esbuild/aix-ppc64@0.27.7':
    optional: true

  '@esbuild/android-arm64@0.27.7':
    optional: true

  '@esbuild/android-arm@0.27.7':
    optional: true

  '@esbuild/android-x64@0.27.7':
    optional: true

  '@esbuild/darwin-arm64@0.27.7':
    optional: true

  '@esbuild/darwin-x64@0.27.7':
    optional: true

  '@esbuild/freebsd-arm64@0.27.7':
    optional: true

  '@esbuild/freebsd-x64@0.27.7':
    optional: true

  '@esbuild/linux-arm64@0.27.7':
    optional: true

  '@esbuild/linux-arm@0.27.7':
    optional: true

  '@esbuild/linux-ia32@0.27.7':
    optional: true

  '@esbuild/linux-loong64@0.27.7':
    optional: true

  '@esbuild/linux-mips64el@0.27.7':
    optional: true

  '@esbuild/linux-ppc64@0.27.7':
    optional: true

  '@esbuild/linux-riscv64@0.27.7':
    optional: true

  '@esbuild/linux-s390x@0.27.7':
    optional: true

  '@esbuild/linux-x64@0.27.7':
    optional: true

  '@esbuild/netbsd-arm64@0.27.7':
    optional: true

  '@esbuild/netbsd-x64@0.27.7':
    optional: true

  '@esbuild/openbsd-arm64@0.27.7':
    optional: true

  '@esbuild/openbsd-x64@0.27.7':
    optional: true

  '@esbuild/openharmony-arm64@0.27.7':
    optional: true

  '@esbuild/sunos-x64@0.27.7':
    optional: true

  '@esbuild/win32-arm64@0.27.7':
    optional: true

  '@esbuild/win32-ia32@0.27.7':
    optional: true

  '@esbuild/win32-x64@0.27.7':
    optional: true

  '@fontsource/jetbrains-mono@5.2.8': {}

  '@fontsource/noto-sans-sc@5.2.9': {}

  '@resvg/resvg-js-android-arm-eabi@2.6.2':
    optional: true

  '@resvg/resvg-js-android-arm64@2.6.2':
    optional: true

  '@resvg/resvg-js-darwin-arm64@2.6.2':
    optional: true

  '@resvg/resvg-js-darwin-x64@2.6.2':
    optional: true

  '@resvg/resvg-js-linux-arm-gnueabihf@2.6.2':
    optional: true

  '@resvg/resvg-js-linux-arm64-gnu@2.6.2':
    optional: true

  '@resvg/resvg-js-linux-arm64-musl@2.6.2':
    optional: true

  '@resvg/resvg-js-linux-x64-gnu@2.6.2':
    optional: true

  '@resvg/resvg-js-linux-x64-musl@2.6.2':
    optional: true

  '@resvg/resvg-js-win32-arm64-msvc@2.6.2':
    optional: true

  '@resvg/resvg-js-win32-ia32-msvc@2.6.2':
    optional: true

  '@resvg/resvg-js-win32-x64-msvc@2.6.2':
    optional: true

  '@resvg/resvg-js@2.6.2':
    optionalDependencies:
      '@resvg/resvg-js-android-arm-eabi': 2.6.2
      '@resvg/resvg-js-android-arm64': 2.6.2
      '@resvg/resvg-js-darwin-arm64': 2.6.2
      '@resvg/resvg-js-darwin-x64': 2.6.2
      '@resvg/resvg-js-linux-arm-gnueabihf': 2.6.2
      '@resvg/resvg-js-linux-arm64-gnu': 2.6.2
      '@resvg/resvg-js-linux-arm64-musl': 2.6.2
      '@resvg/resvg-js-linux-x64-gnu': 2.6.2
      '@resvg/resvg-js-linux-x64-musl': 2.6.2
      '@resvg/resvg-js-win32-arm64-msvc': 2.6.2
      '@resvg/resvg-js-win32-ia32-msvc': 2.6.2
      '@resvg/resvg-js-win32-x64-msvc': 2.6.2

  '@shuding/opentype.js@1.4.0-beta.0':
    dependencies:
      fflate: 0.7.4
      string.prototype.codepointat: 0.2.1

  '@types/node@24.12.2':
    dependencies:
      undici-types: 7.16.0

  '@types/react@19.2.14':
    dependencies:
      csstype: 3.2.3

  base64-js@0.0.8: {}

  camelize@1.0.1: {}

  color-name@1.1.4: {}

  css-background-parser@0.1.0: {}

  css-box-shadow@1.0.0-3: {}

  css-color-keywords@1.0.0: {}

  css-gradient-parser@0.0.17: {}

  css-to-react-native@3.2.0:
    dependencies:
      camelize: 1.0.1
      css-color-keywords: 1.0.0
      postcss-value-parser: 4.2.0

  csstype@3.2.3: {}

  emoji-regex-xs@2.0.1: {}

  esbuild@0.27.7:
    optionalDependencies:
      '@esbuild/aix-ppc64': 0.27.7
      '@esbuild/android-arm': 0.27.7
      '@esbuild/android-arm64': 0.27.7
      '@esbuild/android-x64': 0.27.7
      '@esbuild/darwin-arm64': 0.27.7
      '@esbuild/darwin-x64': 0.27.7
      '@esbuild/freebsd-arm64': 0.27.7
      '@esbuild/freebsd-x64': 0.27.7
      '@esbuild/linux-arm': 0.27.7
      '@esbuild/linux-arm64': 0.27.7
      '@esbuild/linux-ia32': 0.27.7
      '@esbuild/linux-loong64': 0.27.7
      '@esbuild/linux-mips64el': 0.27.7
      '@esbuild/linux-ppc64': 0.27.7
      '@esbuild/linux-riscv64': 0.27.7
      '@esbuild/linux-s390x': 0.27.7
      '@esbuild/linux-x64': 0.27.7
      '@esbuild/netbsd-arm64': 0.27.7
      '@esbuild/netbsd-x64': 0.27.7
      '@esbuild/openbsd-arm64': 0.27.7
      '@esbuild/openbsd-x64': 0.27.7
      '@esbuild/openharmony-arm64': 0.27.7
      '@esbuild/sunos-x64': 0.27.7
      '@esbuild/win32-arm64': 0.27.7
      '@esbuild/win32-ia32': 0.27.7
      '@esbuild/win32-x64': 0.27.7

  escape-html@1.0.3: {}

  fflate@0.7.4: {}

  fsevents@2.3.3:
    optional: true

  get-tsconfig@4.14.0:
    dependencies:
      resolve-pkg-maps: 1.0.0

  hex-rgb@4.3.0: {}

  linebreak@1.1.0:
    dependencies:
      base64-js: 0.0.8
      unicode-trie: 2.0.0

  pako@0.2.9: {}

  parse-css-color@0.2.1:
    dependencies:
      color-name: 1.1.4
      hex-rgb: 4.3.0

  postcss-value-parser@4.2.0: {}

  react@19.2.5: {}

  resolve-pkg-maps@1.0.0: {}

  satori@0.18.4:
    dependencies:
      '@shuding/opentype.js': 1.4.0-beta.0
      css-background-parser: 0.1.0
      css-box-shadow: 1.0.0-3
      css-gradient-parser: 0.0.17
      css-to-react-native: 3.2.0
      emoji-regex-xs: 2.0.1
      escape-html: 1.0.3
      linebreak: 1.1.0
      parse-css-color: 0.2.1
      postcss-value-parser: 4.2.0
      yoga-layout: 3.2.1

  string.prototype.codepointat@0.2.1: {}

  tiny-inflate@1.0.3: {}

  tsx@4.21.0:
    dependencies:
      esbuild: 0.27.7
      get-tsconfig: 4.14.0
    optionalDependencies:
      fsevents: 2.3.3

  typescript@5.9.3: {}

  undici-types@7.16.0: {}

  unicode-trie@2.0.0:
    dependencies:
      pako: 0.2.9
      tiny-inflate: 1.0.3

  yoga-layout@3.2.1: {}
